
Microsoft Visual Studio Solution File, Format Version 12.00
# Visual Studio 2013
VisualStudioVersion = 12.0.21005.1
MinimumVisualStudioVersion = 10.0.40219.1
Project("{FAE04EC0-301F-11D3-BF4B-00C04F79EFBC}") = "ShipTraffic.Model", "ShipTraffic.Model\ShipTraffic.Model.csproj", "{F7741E70-1845-4478-BB20-62C9E2D9448F}"
EndProject
Project("{FAE04EC0-301F-11D3-BF4B-00C04F79EFBC}") = "ShipTraffic.Application", "ShipTraffic.Application\ShipTraffic.Application.csproj", "{CC58C9F4-8A10-4FF8-BAFB-438C575CA600}"
EndProject
Project("{FAE04EC0-301F-11D3-BF4B-00C04F79EFBC}") = "ShipTraffic.UI", "ShipTraffic.UI\ShipTraffic.UI.csproj", "{79147F8E-4833-4F0B-B84D-2D9677321522}"
EndProject
Global
	GlobalSection(SolutionConfigurationPlatforms) = preSolution
		Debug|Any CPU = Debug|Any CPU
		Release|Any CPU = Release|Any CPU
	EndGlobalSection
	GlobalSection(ProjectConfigurationPlatforms) = postSolution
		{F7741E70-1845-4478-BB20-62C9E2D9448F}.Debug|Any CPU.ActiveCfg = Debug|Any CPU
		{F7741E70-1845-4478-BB20-62C9E2D9448F}.Debug|Any CPU.Build.0 = Debug|Any CPU
		{F7741E70-1845-4478-BB20-62C9E2D9448F}.Release|Any CPU.ActiveCfg = Release|Any CPU
		{F7741E70-1845-4478-BB20-62C9E2D9448F}.Release|Any CPU.Build.0 = Release|Any CPU
		{CC58C9F4-8A10-4FF8-BAFB-438C575CA600}.Debug|Any CPU.ActiveCfg = Debug|Any CPU
		{CC58C9F4-8A10-4FF8-BAFB-438C575CA600}.Debug|Any CPU.Build.0 = Debug|Any CPU
		{CC58C9F4-8A10-4FF8-BAFB-438C575CA600}.Release|Any CPU.ActiveCfg = Release|Any CPU
		{CC58C9F4-8A10-4FF8-BAFB-438C575CA600}.Release|Any CPU.Build.0 = Release|Any CPU
		{79147F8E-4833-4F0B-B84D-2D9677321522}.Debug|Any CPU.ActiveCfg = Debug|Any CPU
		{79147F8E-4833-4F0B-B84D-2D9677321522}.Debug|Any CPU.Build.0 = Debug|Any CPU
		{79147F8E-4833-4F0B-B84D-2D9677321522}.Release|Any CPU.ActiveCfg = Release|Any CPU
		{79147F8E-4833-4F0B-B84D-2D9677321522}.Release|Any CPU.Build.0 = Release|Any CPU
	EndGlobalSection
	GlobalSection(SolutionProperties) = preSolution
		HideSolutionNode = FALSE
	EndGlobalSection
EndGlobal
